
Microsoft Visual Studio Solution File, Format Version 11.00
# Visual Studio 2010
Project("{FAE04EC0-301F-11D3-BF4B-00C04F79EFBC}") = "Assembly-CSharp", "Assembly-CSharp.csproj", "{57F71D0B-A024-2C1A-678A-531816EEBC33}"
EndProject
Project("{FAE04EC0-301F-11D3-BF4B-00C04F79EFBC}") = "Assembly-CSharp-Editor", "Assembly-CSharp-Editor.csproj", "{2CD7E659-3CC5-94FD-96EE-B102C95C9F82}"
EndProject
Global
	GlobalSection(SolutionConfigurationPlatforms) = preSolution
		Debug|Any CPU = Debug|Any CPU
		Release|Any CPU = Release|Any CPU
	EndGlobalSection
	GlobalSection(ProjectConfigurationPlatforms) = postSolution
		{57F71D0B-A024-2C1A-678A-531816EEBC33}.Debug|Any CPU.ActiveCfg = Debug|Any CPU
		{57F71D0B-A024-2C1A-678A-531816EEBC33}.Debug|Any CPU.Build.0 = Debug|Any CPU
		{57F71D0B-A024-2C1A-678A-531816EEBC33}.Release|Any CPU.ActiveCfg = Release|Any CPU
		{57F71D0B-A024-2C1A-678A-531816EEBC33}.Release|Any CPU.Build.0 = Release|Any CPU
		{2CD7E659-3CC5-94FD-96EE-B102C95C9F82}.Debug|Any CPU.ActiveCfg = Debug|Any CPU
		{2CD7E659-3CC5-94FD-96EE-B102C95C9F82}.Debug|Any CPU.Build.0 = Debug|Any CPU
		{2CD7E659-3CC5-94FD-96EE-B102C95C9F82}.Release|Any CPU.ActiveCfg = Release|Any CPU
		{2CD7E659-3CC5-94FD-96EE-B102C95C9F82}.Release|Any CPU.Build.0 = Release|Any CPU
	EndGlobalSection
	GlobalSection(SolutionProperties) = preSolution
		HideSolutionNode = FALSE
	EndGlobalSection
	GlobalSection(MonoDevelopProperties) = preSolution
		StartupItem = Assembly-CSharp.csproj
	EndGlobalSection
EndGlobal
